
Microsoft Visual Studio Solution File, Format Version 12.00
# Visual Studio Version 17
VisualStudioVersion = 17.4.33103.184
MinimumVisualStudioVersion = 10.0.40219.1
Project("{FAE04EC0-301F-11D3-BF4B-00C04F79EFBC}") = "Snake Game", "Snake Game.csproj", "{77091CC6-67DF-4C85-A446-8C4AD6C502E2}"
EndProject
Global
	GlobalSection(SolutionConfigurationPlatforms) = preSolution
		Debug|Any CPU = Debug|Any CPU
		Release|Any CPU = Release|Any CPU
	EndGlobalSection
	GlobalSection(ProjectConfigurationPlatforms) = postSolution
		{77091CC6-67DF-4C85-A446-8C4AD6C502E2}.Debug|Any CPU.ActiveCfg = Debug|Any CPU
		{77091CC6-67DF-4C85-A446-8C4AD6C502E2}.Debug|Any CPU.Build.0 = Debug|Any CPU
		{77091CC6-67DF-4C85-A446-8C4AD6C502E2}.Release|Any CPU.ActiveCfg = Release|Any CPU
		{77091CC6-67DF-4C85-A446-8C4AD6C502E2}.Release|Any CPU.Build.0 = Release|Any CPU
	EndGlobalSection
	GlobalSection(SolutionProperties) = preSolution
		HideSolutionNode = FALSE
	EndGlobalSection
	GlobalSection(ExtensibilityGlobals) = postSolution
		SolutionGuid = {F2DF545B-D69D-401B-AED2-930C3B0FAAE5}
	EndGlobalSection
EndGlobal
